
Microsoft Visual Studio Solution File, Format Version 12.00
# Visual Studio Version 17
VisualStudioVersion = 17.4.33213.308
MinimumVisualStudioVersion = 10.0.40219.1
Project("{FAE04EC0-301F-11D3-BF4B-00C04F79EFBC}") = "TreeViewArchitecture", "TreeViewArchitecture\TreeViewArchitecture.csproj", "{3419E42F-EA57-4ED3-B107-F9CD615ABFEF}"
EndProject
Global
	GlobalSection(SolutionConfigurationPlatforms) = preSolution
		Debug|Any CPU = Debug|Any CPU
		Release|Any CPU = Release|Any CPU
	EndGlobalSection
	GlobalSection(ProjectConfigurationPlatforms) = postSolution
		{3419E42F-EA57-4ED3-B107-F9CD615ABFEF}.Debug|Any CPU.ActiveCfg = Debug|Any CPU
		{3419E42F-EA57-4ED3-B107-F9CD615ABFEF}.Debug|Any CPU.Build.0 = Debug|Any CPU
		{3419E42F-EA57-4ED3-B107-F9CD615ABFEF}.Release|Any CPU.ActiveCfg = Release|Any CPU
		{3419E42F-EA57-4ED3-B107-F9CD615ABFEF}.Release|Any CPU.Build.0 = Release|Any CPU
	EndGlobalSection
	GlobalSection(SolutionProperties) = preSolution
		HideSolutionNode = FALSE
	EndGlobalSection
	GlobalSection(ExtensibilityGlobals) = postSolution
		SolutionGuid = {F7D2B273-EEF0-40E6-91EA-17796E9E92E9}
	EndGlobalSection
EndGlobal
